
Microsoft Visual Studio Solution File, Format Version 12.00
# Visual Studio Version 16
VisualStudioVersion = 16.0.29324.140
MinimumVisualStudioVersion = 10.0.40219.1
Project("{9A19103F-16F7-4668-BE54-9A1E7A4F7556}") = "StoreApplication", "StoreApplication\StoreApplication.csproj", "{DBD535FA-CA66-4300-B28F-D7B078695F34}"
EndProject
Project("{9A19103F-16F7-4668-BE54-9A1E7A4F7556}") = "BusinessLogic.Library", "BusinessLogic.Library\BusinessLogic.Library.csproj", "{5F07CC24-A180-4039-A0F2-FB82CE00019A}"
EndProject
Project("{2150E333-8FDC-42A3-9474-1A3956D46DE8}") = "Solution Items", "Solution Items", "{04D7E677-A8D6-4270-93ED-25A3DCFF8430}"
	ProjectSection(SolutionItems) = preProject
		.gitignore = .gitignore
	EndProjectSection
EndProject
Project("{9A19103F-16F7-4668-BE54-9A1E7A4F7556}") = "StoreApplication.Testing", "StoreApplication.Testing\StoreApplication.Testing.csproj", "{6D32A12E-E9F3-42A1-973A-EDBCBD377F51}"
EndProject
Project("{FAE04EC0-301F-11D3-BF4B-00C04F79EFBC}") = "StoreApplication.DataAccess", "StoreApplication.DataAccess\StoreApplication.DataAccess.csproj", "{5A548490-98C2-45A9-87BC-700B3A23D684}"
EndProject
Global
	GlobalSection(SolutionConfigurationPlatforms) = preSolution
		Debug|Any CPU = Debug|Any CPU
		Release|Any CPU = Release|Any CPU
	EndGlobalSection
	GlobalSection(ProjectConfigurationPlatforms) = postSolution
		{DBD535FA-CA66-4300-B28F-D7B078695F34}.Debug|Any CPU.ActiveCfg = Debug|Any CPU
		{DBD535FA-CA66-4300-B28F-D7B078695F34}.Debug|Any CPU.Build.0 = Debug|Any CPU
		{DBD535FA-CA66-4300-B28F-D7B078695F34}.Release|Any CPU.ActiveCfg = Release|Any CPU
		{DBD535FA-CA66-4300-B28F-D7B078695F34}.Release|Any CPU.Build.0 = Release|Any CPU
		{5F07CC24-A180-4039-A0F2-FB82CE00019A}.Debug|Any CPU.ActiveCfg = Debug|Any CPU
		{5F07CC24-A180-4039-A0F2-FB82CE00019A}.Debug|Any CPU.Build.0 = Debug|Any CPU
		{5F07CC24-A180-4039-A0F2-FB82CE00019A}.Release|Any CPU.ActiveCfg = Release|Any CPU
		{5F07CC24-A180-4039-A0F2-FB82CE00019A}.Release|Any CPU.Build.0 = Release|Any CPU
		{6D32A12E-E9F3-42A1-973A-EDBCBD377F51}.Debug|Any CPU.ActiveCfg = Debug|Any CPU
		{6D32A12E-E9F3-42A1-973A-EDBCBD377F51}.Debug|Any CPU.Build.0 = Debug|Any CPU
		{6D32A12E-E9F3-42A1-973A-EDBCBD377F51}.Release|Any CPU.ActiveCfg = Release|Any CPU
		{6D32A12E-E9F3-42A1-973A-EDBCBD377F51}.Release|Any CPU.Build.0 = Release|Any CPU
		{5A548490-98C2-45A9-87BC-700B3A23D684}.Debug|Any CPU.ActiveCfg = Debug|Any CPU
		{5A548490-98C2-45A9-87BC-700B3A23D684}.Debug|Any CPU.Build.0 = Debug|Any CPU
		{5A548490-98C2-45A9-87BC-700B3A23D684}.Release|Any CPU.ActiveCfg = Release|Any CPU
		{5A548490-98C2-45A9-87BC-700B3A23D684}.Release|Any CPU.Build.0 = Release|Any CPU
	EndGlobalSection
	GlobalSection(SolutionProperties) = preSolution
		HideSolutionNode = FALSE
	EndGlobalSection
	GlobalSection(ExtensibilityGlobals) = postSolution
		SolutionGuid = {AD194000-96CA-4058-A4CE-69F93544B4FF}
	EndGlobalSection
EndGlobal
